
Microsoft Visual Studio Solution File, Format Version 12.00
# Visual Studio Version 17
VisualStudioVersion = 17.4.33103.184
MinimumVisualStudioVersion = 10.0.40219.1
Project("{9A19103F-16F7-4668-BE54-9A1E7A4F7556}") = "ErisLib", "ErisLib\ErisLib.csproj", "{6825D335-97DB-417D-8FD7-1946BBB65935}"
EndProject
Project("{FAE04EC0-301F-11D3-BF4B-00C04F79EFBC}") = "ErisUi", "ErisUi\ErisUi.csproj", "{B1ABA286-566C-4D5F-AD75-CBCB9014E8ED}"
EndProject
Global
	GlobalSection(SolutionConfigurationPlatforms) = preSolution
		Debug|Any CPU = Debug|Any CPU
		Release|Any CPU = Release|Any CPU
	EndGlobalSection
	GlobalSection(ProjectConfigurationPlatforms) = postSolution
		{6825D335-97DB-417D-8FD7-1946BBB65935}.Debug|Any CPU.ActiveCfg = Debug|Any CPU
		{6825D335-97DB-417D-8FD7-1946BBB65935}.Debug|Any CPU.Build.0 = Debug|Any CPU
		{6825D335-97DB-417D-8FD7-1946BBB65935}.Release|Any CPU.ActiveCfg = Release|Any CPU
		{6825D335-97DB-417D-8FD7-1946BBB65935}.Release|Any CPU.Build.0 = Release|Any CPU
		{B1ABA286-566C-4D5F-AD75-CBCB9014E8ED}.Debug|Any CPU.ActiveCfg = Debug|Any CPU
		{B1ABA286-566C-4D5F-AD75-CBCB9014E8ED}.Debug|Any CPU.Build.0 = Debug|Any CPU
		{B1ABA286-566C-4D5F-AD75-CBCB9014E8ED}.Release|Any CPU.ActiveCfg = Release|Any CPU
		{B1ABA286-566C-4D5F-AD75-CBCB9014E8ED}.Release|Any CPU.Build.0 = Release|Any CPU
	EndGlobalSection
	GlobalSection(SolutionProperties) = preSolution
		HideSolutionNode = FALSE
	EndGlobalSection
	GlobalSection(ExtensibilityGlobals) = postSolution
		SolutionGuid = {62FB9859-3C46-4B0F-8C4E-1057597BF83E}
	EndGlobalSection
EndGlobal
